
Microsoft Visual Studio Solution File, Format Version 11.00
# Visual Studio 2010
Project("{FAE04EC0-301F-11D3-BF4B-00C04F79EFBC}") = "ContentFinder", "ContentFinder.csproj", "{8B86270C-633F-433F-9E70-438A74DF3486}"
EndProject
Global
	GlobalSection(TeamFoundationVersionControl) = preSolution
		SccNumberOfProjects = 1
		SccEnterpriseProvider = {4CA58AB2-18FA-4F8D-95D4-32DDF27D184C}
		SccTeamFoundationServer = https://tfs.codeplex.com/tfs/tfs25
		SccProjectUniqueName0 = ContentFinder.csproj
		SccProjectName0 = .
		SccAuxPath0 = https://tfs.codeplex.com/tfs/tfs25
		SccLocalPath0 = .
		SccProvider0 = {4CA58AB2-18FA-4F8D-95D4-32DDF27D184C}
	EndGlobalSection
	GlobalSection(SolutionConfigurationPlatforms) = preSolution
		Debug|x86 = Debug|x86
		Release|x86 = Release|x86
	EndGlobalSection
	GlobalSection(ProjectConfigurationPlatforms) = postSolution
		{8B86270C-633F-433F-9E70-438A74DF3486}.Debug|x86.ActiveCfg = Debug|x86
		{8B86270C-633F-433F-9E70-438A74DF3486}.Debug|x86.Build.0 = Debug|x86
		{8B86270C-633F-433F-9E70-438A74DF3486}.Release|x86.ActiveCfg = Release|x86
		{8B86270C-633F-433F-9E70-438A74DF3486}.Release|x86.Build.0 = Release|x86
	EndGlobalSection
	GlobalSection(SolutionProperties) = preSolution
		HideSolutionNode = FALSE
	EndGlobalSection
EndGlobal
